// !$*UTF8*$!
{
	archiveVersion = 1;
	classes = {
	};
	objectVersion = 77;
	objects = {

/* Begin PBXContainerItemProxy section */
		B999BAE22F5258BB0093306F /* PBXContainerItemProxy */ = {
			isa = PBXContainerItemProxy;
			containerPortal = B999BACA2F5258B90093306F /* Project object */;
			proxyType = 1;
			remoteGlobalIDString = B999BAD12F5258B90093306F;
			remoteInfo = AppointmentManagerIOS;
		};
		B999BAEC2F5258BB0093306F /* PBXContainerItemProxy */ = {
			isa = PBXContainerItemProxy;
			containerPortal = B999BACA2F5258B90093306F /* Project object */;
			proxyType = 1;
			remoteGlobalIDString = B999BAD12F5258B90093306F;
			remoteInfo = AppointmentManagerIOS;
		};
/* End PBXContainerItemProxy section */

/* Begin PBXFileReference section */
		B999BAD22F5258B90093306F /* AppointmentManagerIOS.app */ = {isa = PBXFileReference; explicitFileType = wrapper.application; includeInIndex = 0; path = AppointmentManagerIOS.app; sourceTree = BUILT_PRODUCTS_DIR; };
		B999BAE12F5258BB0093306F /* AppointmentManagerIOSTests.xctest */ = {isa = PBXFileReference; explicitFileType = wrapper.cfbundle; includeInIndex = 0; path = AppointmentManagerIOSTests.xctest; sourceTree = BUILT_PRODUCTS_DIR; };
		B999BAEB2F5258BB0093306F /* AppointmentManagerIOSUITests.xctest */ = {isa = PBXFileReference; explicitFileType = wrapper.cfbundle; includeInIndex = 0; path = AppointmentManagerIOSUITests.xctest; sourceTree = BUILT_PRODUCTS_DIR; };
/* End PBXFileReference section */

/* Begin PBXFileSystemSynchronizedRootGroup section */
		B999BAD42F5258B90093306F /* AppointmentManagerIOS */ = {
			isa = PBXFileSystemSynchronizedRootGroup;
			path = AppointmentManagerIOS;
			sourceTree = "<group>";
		};
		B999BAE42F5258BB0093306F /* AppointmentManagerIOSTests */ = {
			isa = PBXFileSystemSynchronizedRootGroup;
			path = AppointmentManagerIOSTests;
			sourceTree = "<group>";
		};
		B999BAEE2F5258BB0093306F /* AppointmentManagerIOSUITests */ = {
			isa = PBXFileSystemSynchronizedRootGroup;
			path = AppointmentManagerIOSUITests;
			sourceTree = "<group>";
		};
/* End PBXFileSystemSynchronizedRootGroup section */

/* Begin PBXFrameworksBuildPhase section */
		B999BACF2F5258B90093306F /* Frameworks */ = {
			isa = PBXFrameworksBuildPhase;
			buildActionMask = 2147483647;
			files = (
			);
			runOnlyForDeploymentPostprocessing = 0;
		};
		B999BADE2F5258BB0093306F /* Frameworks */ = {
			isa = PBXFrameworksBuildPhase;
			buildActionMask = 2147483647;
			files = (
			);
			runOnlyForDeploymentPostprocessing = 0;
		};
		B999BAE82F5258BB0093306F /* Frameworks */ = {
			isa = PBXFrameworksBuildPhase;
			buildActionMask = 2147483647;
			files = (
			);
			runOnlyForDeploymentPostprocessing = 0;
		};
/* End PBXFrameworksBuildPhase section */

/* Begin PBXGroup section */
		B999BAC92F5258B90093306F = {
			isa = PBXGroup;
			children = (
				B999BAD42F5258B90093306F /* AppointmentManagerIOS */,
				B999BAE42F5258BB0093306F /* AppointmentManagerIOSTests */,
				B999BAEE2F5258BB0093306F /* AppointmentManagerIOSUITests */,
				B999BAD32F5258B90093306F /* Products */,
			);
			sourceTree = "<group>";
		};
		B999BAD32F5258B90093306F /* Products */ = {
			isa = PBXGroup;
			children = (
				B999BAD22F5258B90093306F /* AppointmentManagerIOS.app */,
				B999BAE12F5258BB0093306F /* AppointmentManagerIOSTests.xctest */,
				B999BAEB2F5258BB0093306F /* AppointmentManagerIOSUITests.xctest */,
			);
			name = Products;
			sourceTree = "<group>";
		};
/* End PBXGroup section */

/* Begin PBXNativeTarget section */
		B999BAD12F5258B90093306F /* AppointmentManagerIOS */ = {
			isa = PBXNativeTarget;
			buildConfigurationList = B999BAF52F5258BB0093306F /* Build configuration list for PBXNativeTarget "AppointmentManagerIOS" */;
			buildPhases = (
				B999BACE2F5258B90093306F /* Sources */,
				B999BACF2F5258B90093306F /* Frameworks */,
				B999BAD02F5258B90093306F /* Resources */,
			);
			buildRules = (
			);
			dependencies = (
			);
			fileSystemSynchronizedGroups = (
				B999BAD42F5258B90093306F /* AppointmentManagerIOS */,
			);
			name = AppointmentManagerIOS;
			packageProductDependencies = (
			);
			productName = AppointmentManagerIOS;
			productReference = B999BAD22F5258B90093306F /* AppointmentManagerIOS.app */;
			productType = "com.apple.product-type.application";
		};
		B999BAE02F5258BB0093306F /* AppointmentManagerIOSTests */ = {
			isa = PBXNativeTarget;
			buildConfigurationList = B999BAF82F5258BB0093306F /* Build configuration list for PBXNativeTarget "AppointmentManagerIOSTests" */;
			buildPhases = (
				B999BADD2F5258BB0093306F /* Sources */,
				B999BADE2F5258BB0093306F /* Frameworks */,
				B999BADF2F5258BB0093306F /* Resources */,
			);
			buildRules = (
			);
			dependencies = (
				B999BAE32F5258BB0093306F /* PBXTargetDependency */,
			);
			fileSystemSynchronizedGroups = (
				B999BAE42F5258BB0093306F /* AppointmentManagerIOSTests */,
			);
			name = AppointmentManagerIOSTests;
			packageProductDependencies = (
			);
			productName = AppointmentManagerIOSTests;
			productReference = B999BAE12F5258BB0093306F /* AppointmentManagerIOSTests.xctest */;
			productType = "com.apple.product-type.bundle.unit-test";
		};
		B999BAEA2F5258BB0093306F /* AppointmentManagerIOSUITests */ = {
			isa = PBXNativeTarget;
			buildConfigurationList = B999BAFB2F5258BB0093306F /* Build configuration list for PBXNativeTarget "AppointmentManagerIOSUITests" */;
			buildPhases = (
				B999BAE72F5258BB0093306F /* Sources */,
				B999BAE82F5258BB0093306F /* Frameworks */,
				B999BAE92F5258BB0093306F /* Resources */,
			);
			buildRules = (
			);
			dependencies = (
				B999BAED2F5258BB0093306F /* PBXTargetDependency */,
			);
			fileSystemSynchronizedGroups = (
				B999BAEE2F5258BB0093306F /* AppointmentManagerIOSUITests */,
			);
			name = AppointmentManagerIOSUITests;
			packageProductDependencies = (
			);
			productName = AppointmentManagerIOSUITests;
			productReference = B999BAEB2F5258BB0093306F /* AppointmentManagerIOSUITests.xctest */;
			productType = "com.apple.product-type.bundle.ui-testing";
		};
/* End PBXNativeTarget section */

/* Begin PBXProject section */
		B999BACA2F5258B90093306F /* Project object */ = {
			isa = PBXProject;
			attributes = {
				BuildIndependentTargetsInParallel = 1;
				LastSwiftUpdateCheck = 2610;
				LastUpgradeCheck = 2610;
				TargetAttributes = {
					B999BAD12F5258B90093306F = {
						CreatedOnToolsVersion = 26.1.1;
					};
					B999BAE02F5258BB0093306F = {
						CreatedOnToolsVersion = 26.1.1;
						TestTargetID = B999BAD12F5258B90093306F;
					};
					B999BAEA2F5258BB0093306F = {
						CreatedOnToolsVersion = 26.1.1;
						TestTargetID = B999BAD12F5258B90093306F;
					};
				};
			};
			buildConfigurationList = B999BACD2F5258B90093306F /* Build configuration list for PBXProject "AppointmentManagerIOS" */;
			developmentRegion = en;
			hasScannedForEncodings = 0;
			knownRegions = (
				en,
				Base,
			);
			mainGroup = B999BAC92F5258B90093306F;
			minimizedProjectReferenceProxies = 1;
			preferredProjectObjectVersion = 77;
			productRefGroup = B999BAD32F5258B90093306F /* Products */;
			projectDirPath = "";
			projectRoot = "";
			targets = (
				B999BAD12F5258B90093306F /* AppointmentManagerIOS */,
				B999BAE02F5258BB0093306F /* AppointmentManagerIOSTests */,
				B999BAEA2F5258BB0093306F /* AppointmentManagerIOSUITests */,
			);
		};
/* End PBXProject section */

/* Begin PBXResourcesBuildPhase section */
		B999BAD02F5258B90093306F /* Resources */ = {
			isa = PBXResourcesBuildPhase;
			buildActionMask = 2147483647;
			files = (
			);
			runOnlyForDeploymentPostprocessing = 0;
		};
		B999BADF2F5258BB0093306F /* Resources */ = {
			isa = PBXResourcesBuildPhase;
			buildActionMask = 2147483647;
			files = (
			);
			runOnlyForDeploymentPostprocessing = 0;
		};
		B999BAE92F5258BB0093306F /* Resources */ = {
			isa = PBXResourcesBuildPhase;
			buildActionMask = 2147483647;
			files = (
			);
			runOnlyForDeploymentPostprocessing = 0;
		};
/* End PBXResourcesBuildPhase section */

/* Begin PBXSourcesBuildPhase section */
		B999BACE2F5258B90093306F /* Sources */ = {
			isa = PBXSourcesBuildPhase;
			buildActionMask = 2147483647;
			files = (
			);
			runOnlyForDeploymentPostprocessing = 0;
		};
		B999BADD2F5258BB0093306F /* Sources */ = {
			isa = PBXSourcesBuildPhase;
			buildActionMask = 2147483647;
			files = (
			);
			runOnlyForDeploymentPostprocessing = 0;
		};
		B999BAE72F5258BB0093306F /* Sources */ = {
			isa = PBXSourcesBuildPhase;
			buildActionMask = 2147483647;
			files = (
			);
			runOnlyForDeploymentPostprocessing = 0;
		};
/* End PBXSourcesBuildPhase section */

/* Begin PBXTargetDependency section */
		B999BAE32F5258BB0093306F /* PBXTargetDependency */ = {
			isa = PBXTargetDependency;
			target = B999BAD12F5258B90093306F /* AppointmentManagerIOS */;
			targetProxy = B999BAE22F5258BB0093306F /* PBXContainerItemProxy */;
		};
		B999BAED2F5258BB0093306F /* PBXTargetDependency */ = {
			isa = PBXTargetDependency;
			target = B999BAD12F5258B90093306F /* AppointmentManagerIOS */;
			targetProxy = B999BAEC2F5258BB0093306F /* PBXContainerItemProxy */;
		};
/* End PBXTargetDependency section */

/* Begin XCBuildConfiguration section */
		B999BAF32F5258BB0093306F /* Debug */ = {
			isa = XCBuildConfiguration;
			buildSettings = {
				ALWAYS_SEARCH_USER_PATHS = NO;
				ASSETCATALOG_COMPILER_GENERATE_SWIFT_ASSET_SYMBOL_EXTENSIONS = YES;
				CLANG_ANALYZER_NONNULL = YES;
				CLANG_ANALYZER_NUMBER_OBJECT_CONVERSION = YES_AGGRESSIVE;
				CLANG_CXX_LANGUAGE_STANDARD = "gnu++20";
				CLANG_ENABLE_MODULES = YES;
				CLANG_ENABLE_OBJC_ARC = YES;
				CLANG_ENABLE_OBJC_WEAK = YES;
				CLANG_WARN_BLOCK_CAPTURE_AUTORELEASING = YES;
				CLANG_WARN_BOOL_CONVERSION = YES;
				CLANG_WARN_COMMA = YES;
				CLANG_WARN_CONSTANT_CONVERSION = YES;
				CLANG_WARN_DEPRECATED_OBJC_IMPLEMENTATIONS = YES;
				CLANG_WARN_DIRECT_OBJC_ISA_USAGE = YES_ERROR;
				CLANG_WARN_DOCUMENTATION_COMMENTS = YES;
				CLANG_WARN_EMPTY_BODY = YES;
				CLANG_WARN_ENUM_CONVERSION = YES;
				CLANG_WARN_INFINITE_RECURSION = YES;
				CLANG_WARN_INT_CONVERSION = YES;
				CLANG_WARN_NON_LITERAL_NULL_CONVERSION = YES;
				CLANG_WARN_OBJC_IMPLICIT_RETAIN_SELF = YES;
				CLANG_WARN_OBJC_LITERAL_CONVERSION = YES;
				CLANG_WARN_OBJC_ROOT_CLASS = YES_ERROR;
				CLANG_WARN_QUOTED_INCLUDE_IN_FRAMEWORK_HEADER = YES;
				CLANG_WARN_RANGE_LOOP_ANALYSIS = YES;
				CLANG_WARN_STRICT_PROTOTYPES = YES;
				CLANG_WARN_SUSPICIOUS_MOVE = YES;
				CLANG_WARN_UNGUARDED_AVAILABILITY = YES_AGGRESSIVE;
				CLANG_WARN_UNREACHABLE_CODE = YES;
				CLANG_WARN__DUPLICATE_METHOD_MATCH = YES;
				COPY_PHASE_STRIP = NO;
				DEBUG_INFORMATION_FORMAT = dwarf;
				DEVELOPMENT_TEAM = 86VY78F385;
				ENABLE_STRICT_OBJC_MSGSEND = YES;
				ENABLE_TESTABILITY = YES;
				ENABLE_USER_SCRIPT_SANDBOXING = YES;
				GCC_C_LANGUAGE_STANDARD = gnu17;
				GCC_DYNAMIC_NO_PIC = NO;
				GCC_NO_COMMON_BLOCKS = YES;
				GCC_OPTIMIZATION_LEVEL = 0;
				GCC_PREPROCESSOR_DEFINITIONS = (
					"DEBUG=1",
					"$(inherited)",
				);
				GCC_WARN_64_TO_32_BIT_CONVERSION = YES;
				GCC_WARN_ABOUT_RETURN_TYPE = YES_ERROR;
				GCC_WARN_UNDECLARED_SELECTOR = YES;
				GCC_WARN_UNINITIALIZED_AUTOS = YES_AGGRESSIVE;
				GCC_WARN_UNUSED_FUNCTION = YES;
				GCC_WARN_UNUSED_VARIABLE = YES;
				IPHONEOS_DEPLOYMENT_TARGET = 26.1;
				LOCALIZATION_PREFERS_STRING_CATALOGS = YES;
				MTL_ENABLE_DEBUG_INFO = INCLUDE_SOURCE;
				MTL_FAST_MATH = YES;
				ONLY_ACTIVE_ARCH = YES;
				SDKROOT = iphoneos;
				SWIFT_ACTIVE_COMPILATION_CONDITIONS = "DEBUG $(inherited)";
				SWIFT_OPTIMIZATION_LEVEL = "-Onone";
			};
			name = Debug;
		};
		B999BAF42F5258BB0093306F /* Release */ = {
			isa = XCBuildConfiguration;
			buildSettings = {
				ALWAYS_SEARCH_USER_PATHS = NO;
				ASSETCATALOG_COMPILER_GENERATE_SWIFT_ASSET_SYMBOL_EXTENSIONS = YES;
				CLANG_ANALYZER_NONNULL = YES;
				CLANG_ANALYZER_NUMBER_OBJECT_CONVERSION = YES_AGGRESSIVE;
				CLANG_CXX_LANGUAGE_STANDARD = "gnu++20";
				CLANG_ENABLE_MODULES = YES;
				CLANG_ENABLE_OBJC_ARC = YES;
				CLANG_ENABLE_OBJC_WEAK = YES;
				CLANG_WARN_BLOCK_CAPTURE_AUTORELEASING = YES;
				CLANG_WARN_BOOL_CONVERSION = YES;
				CLANG_WARN_COMMA = YES;
				CLANG_WARN_CONSTANT_CONVERSION = YES;
				CLANG_WARN_DEPRECATED_OBJC_IMPLEMENTATIONS = YES;
				CLANG_WARN_DIRECT_OBJC_ISA_USAGE = YES_ERROR;
				CLANG_WARN_DOCUMENTATION_COMMENTS = YES;
				CLANG_WARN_EMPTY_BODY = YES;
				CLANG_WARN_ENUM_CONVERSION = YES;
				CLANG_WARN_INFINITE_RECURSION = YES;
				CLANG_WARN_INT_CONVERSION = YES;
				CLANG_WARN_NON_LITERAL_NULL_CONVERSION = YES;
				CLANG_WARN_OBJC_IMPLICIT_RETAIN_SELF = YES;
				CLANG_WARN_OBJC_LITERAL_CONVERSION = YES;
				CLANG_WARN_OBJC_ROOT_CLASS = YES_ERROR;
				CLANG_WARN_QUOTED_INCLUDE_IN_FRAMEWORK_HEADER = YES;
				CLANG_WARN_RANGE_LOOP_ANALYSIS = YES;
				CLANG_WARN_STRICT_PROTOTYPES = YES;
				CLANG_WARN_SUSPICIOUS_MOVE = YES;
				CLANG_WARN_UNGUARDED_AVAILABILITY = YES_AGGRESSIVE;
				CLANG_WARN_UNREACHABLE_CODE = YES;
				CLANG_WARN__DUPLICATE_METHOD_MATCH = YES;
				COPY_PHASE_STRIP = NO;
				DEBUG_INFORMATION_FORMAT = "dwarf-with-dsym";
				DEVELOPMENT_TEAM = 86VY78F385;
				ENABLE_NS_ASSERTIONS = NO;
				ENABLE_STRICT_OBJC_MSGSEND = YES;
				ENABLE_USER_SCRIPT_SANDBOXING = YES;
				GCC_C_LANGUAGE_STANDARD = gnu17;
				GCC_NO_COMMON_BLOCKS = YES;
				GCC_WARN_64_TO_32_BIT_CONVERSION = YES;
				GCC_WARN_ABOUT_RETURN_TYPE = YES_ERROR;
				GCC_WARN_UNDECLARED_SELECTOR = YES;
				GCC_WARN_UNINITIALIZED_AUTOS = YES_AGGRESSIVE;
				GCC_WARN_UNUSED_FUNCTION = YES;
				GCC_WARN_UNUSED_VARIABLE = YES;
				IPHONEOS_DEPLOYMENT_TARGET = 26.1;
				LOCALIZATION_PREFERS_STRING_CATALOGS = YES;
				MTL_ENABLE_DEBUG_INFO = NO;
				MTL_FAST_MATH = YES;
				SDKROOT = iphoneos;
				SWIFT_COMPILATION_MODE = wholemodule;
				VALIDATE_PRODUCT = YES;
			};
			name = Release;
		};
		B999BAF62F5258BB0093306F /* Debug */ = {
			isa = XCBuildConfiguration;
			buildSettings = {
				ASSETCATALOG_COMPILER_APPICON_NAME = AppIcon;
				ASSETCATALOG_COMPILER_GLOBAL_ACCENT_COLOR_NAME = AccentColor;
				CODE_SIGN_STYLE = Automatic;
				CURRENT_PROJECT_VERSION = 1;
				DEVELOPMENT_TEAM = 86VY78F385;
				ENABLE_PREVIEWS = YES;
				GENERATE_INFOPLIST_FILE = YES;
				INFOPLIST_KEY_UIApplicationSceneManifest_Generation = YES;
				INFOPLIST_KEY_UIApplicationSupportsIndirectInputEvents = YES;
				INFOPLIST_KEY_UILaunchScreen_Generation = YES;
				INFOPLIST_KEY_UISupportedInterfaceOrientations_iPad = "UIInterfaceOrientationPortrait UIInterfaceOrientationPortraitUpsideDown UIInterfaceOrientationLandscapeLeft UIInterfaceOrientationLandscapeRight";
				INFOPLIST_KEY_UISupportedInterfaceOrientations_iPhone = "UIInterfaceOrientationPortrait UIInterfaceOrientationLandscapeLeft UIInterfaceOrientationLandscapeRight";
				LD_RUNPATH_SEARCH_PATHS = (
					"$(inherited)",
					"@executable_path/Frameworks",
				);
				MARKETING_VERSION = 1.0;
				PRODUCT_BUNDLE_IDENTIFIER = co.matthewleal.AppointmentManagerIOS;
				PRODUCT_NAME = "$(TARGET_NAME)";
				STRING_CATALOG_GENERATE_SYMBOLS = YES;
				SWIFT_APPROACHABLE_CONCURRENCY = YES;
				SWIFT_DEFAULT_ACTOR_ISOLATION = MainActor;
				SWIFT_EMIT_LOC_STRINGS = YES;
				SWIFT_UPCOMING_FEATURE_MEMBER_IMPORT_VISIBILITY = YES;
				SWIFT_VERSION = 5.0;
				TARGETED_DEVICE_FAMILY = "1,2";
			};
			name = Debug;
		};
		B999BAF72F5258BB0093306F /* Release */ = {
			isa = XCBuildConfiguration;
			buildSettings = {
				ASSETCATALOG_COMPILER_APPICON_NAME = AppIcon;
				ASSETCATALOG_COMPILER_GLOBAL_ACCENT_COLOR_NAME = AccentColor;
				CODE_SIGN_STYLE = Automatic;
				CURRENT_PROJECT_VERSION = 1;
				DEVELOPMENT_TEAM = 86VY78F385;
				ENABLE_PREVIEWS = YES;
				GENERATE_INFOPLIST_FILE = YES;
				INFOPLIST_KEY_UIApplicationSceneManifest_Generation = YES;
				INFOPLIST_KEY_UIApplicationSupportsIndirectInputEvents = YES;
				INFOPLIST_KEY_UILaunchScreen_Generation = YES;
				INFOPLIST_KEY_UISupportedInterfaceOrientations_iPad = "UIInterfaceOrientationPortrait UIInterfaceOrientationPortraitUpsideDown UIInterfaceOrientationLandscapeLeft UIInterfaceOrientationLandscapeRight";
				INFOPLIST_KEY_UISupportedInterfaceOrientations_iPhone = "UIInterfaceOrientationPortrait UIInterfaceOrientationLandscapeLeft UIInterfaceOrientationLandscapeRight";
				LD_RUNPATH_SEARCH_PATHS = (
					"$(inherited)",
					"@executable_path/Frameworks",
				);
				MARKETING_VERSION = 1.0;
				PRODUCT_BUNDLE_IDENTIFIER = co.matthewleal.AppointmentManagerIOS;
				PRODUCT_NAME = "$(TARGET_NAME)";
				STRING_CATALOG_GENERATE_SYMBOLS = YES;
				SWIFT_APPROACHABLE_CONCURRENCY = YES;
				SWIFT_DEFAULT_ACTOR_ISOLATION = MainActor;
				SWIFT_EMIT_LOC_STRINGS = YES;
				SWIFT_UPCOMING_FEATURE_MEMBER_IMPORT_VISIBILITY = YES;
				SWIFT_VERSION = 5.0;
				TARGETED_DEVICE_FAMILY = "1,2";
			};
			name = Release;
		};
		B999BAF92F5258BB0093306F /* Debug */ = {
			isa = XCBuildConfiguration;
			buildSettings = {
				BUNDLE_LOADER = "$(TEST_HOST)";
				CODE_SIGN_STYLE = Automatic;
				CURRENT_PROJECT_VERSION = 1;
				DEVELOPMENT_TEAM = 86VY78F385;
				GENERATE_INFOPLIST_FILE = YES;
				IPHONEOS_DEPLOYMENT_TARGET = 26.1;
				MARKETING_VERSION = 1.0;
				PRODUCT_BUNDLE_IDENTIFIER = co.matthewleal.AppointmentManagerIOSTests;
				PRODUCT_NAME = "$(TARGET_NAME)";
				STRING_CATALOG_GENERATE_SYMBOLS = NO;
				SWIFT_APPROACHABLE_CONCURRENCY = YES;
				SWIFT_EMIT_LOC_STRINGS = NO;
				SWIFT_UPCOMING_FEATURE_MEMBER_IMPORT_VISIBILITY = YES;
				SWIFT_VERSION = 5.0;
				TARGETED_DEVICE_FAMILY = "1,2";
				TEST_HOST = "$(BUILT_PRODUCTS_DIR)/AppointmentManagerIOS.app/$(BUNDLE_EXECUTABLE_FOLDER_PATH)/AppointmentManagerIOS";
			};
			name = Debug;
		};
		B999BAFA2F5258BB0093306F /* Release */ = {
			isa = XCBuildConfiguration;
			buildSettings = {
				BUNDLE_LOADER = "$(TEST_HOST)";
				CODE_SIGN_STYLE = Automatic;
				CURRENT_PROJECT_VERSION = 1;
				DEVELOPMENT_TEAM = 86VY78F385;
				GENERATE_INFOPLIST_FILE = YES;
				IPHONEOS_DEPLOYMENT_TARGET = 26.1;
				MARKETING_VERSION = 1.0;
				PRODUCT_BUNDLE_IDENTIFIER = co.matthewleal.AppointmentManagerIOSTests;
				PRODUCT_NAME = "$(TARGET_NAME)";
				STRING_CATALOG_GENERATE_SYMBOLS = NO;
				SWIFT_APPROACHABLE_CONCURRENCY = YES;
				SWIFT_EMIT_LOC_STRINGS = NO;
				SWIFT_UPCOMING_FEATURE_MEMBER_IMPORT_VISIBILITY = YES;
				SWIFT_VERSION = 5.0;
				TARGETED_DEVICE_FAMILY = "1,2";
				TEST_HOST = "$(BUILT_PRODUCTS_DIR)/AppointmentManagerIOS.app/$(BUNDLE_EXECUTABLE_FOLDER_PATH)/AppointmentManagerIOS";
			};
			name = Release;
		};
		B999BAFC2F5258BB0093306F /* Debug */ = {
			isa = XCBuildConfiguration;
			buildSettings = {
				CODE_SIGN_STYLE = Automatic;
				CURRENT_PROJECT_VERSION = 1;
				DEVELOPMENT_TEAM = 86VY78F385;
				GENERATE_INFOPLIST_FILE = YES;
				MARKETING_VERSION = 1.0;
				PRODUCT_BUNDLE_IDENTIFIER = co.matthewleal.AppointmentManagerIOSUITests;
				PRODUCT_NAME = "$(TARGET_NAME)";
				STRING_CATALOG_GENERATE_SYMBOLS = NO;
				SWIFT_APPROACHABLE_CONCURRENCY = YES;
				SWIFT_EMIT_LOC_STRINGS = NO;
				SWIFT_UPCOMING_FEATURE_MEMBER_IMPORT_VISIBILITY = YES;
				SWIFT_VERSION = 5.0;
				TARGETED_DEVICE_FAMILY = "1,2";
				TEST_TARGET_NAME = AppointmentManagerIOS;
			};
			name = Debug;
		};
		B999BAFD2F5258BB0093306F /* Release */ = {
			isa = XCBuildConfiguration;
			buildSettings = {
				CODE_SIGN_STYLE = Automatic;
				CURRENT_PROJECT_VERSION = 1;
				DEVELOPMENT_TEAM = 86VY78F385;
				GENERATE_INFOPLIST_FILE = YES;
				MARKETING_VERSION = 1.0;
				PRODUCT_BUNDLE_IDENTIFIER = co.matthewleal.AppointmentManagerIOSUITests;
				PRODUCT_NAME = "$(TARGET_NAME)";
				STRING_CATALOG_GENERATE_SYMBOLS = NO;
				SWIFT_APPROACHABLE_CONCURRENCY = YES;
				SWIFT_EMIT_LOC_STRINGS = NO;
				SWIFT_UPCOMING_FEATURE_MEMBER_IMPORT_VISIBILITY = YES;
				SWIFT_VERSION = 5.0;
				TARGETED_DEVICE_FAMILY = "1,2";
				TEST_TARGET_NAME = AppointmentManagerIOS;
			};
			name = Release;
		};
/* End XCBuildConfiguration section */

/* Begin XCConfigurationList section */
		B999BACD2F5258B90093306F /* Build configuration list for PBXProject "AppointmentManagerIOS" */ = {
			isa = XCConfigurationList;
			buildConfigurations = (
				B999BAF32F5258BB0093306F /* Debug */,
				B999BAF42F5258BB0093306F /* Release */,
			);
			defaultConfigurationIsVisible = 0;
			defaultConfigurationName = Release;
		};
		B999BAF52F5258BB0093306F /* Build configuration list for PBXNativeTarget "AppointmentManagerIOS" */ = {
			isa = XCConfigurationList;
			buildConfigurations = (
				B999BAF62F5258BB0093306F /* Debug */,
				B999BAF72F5258BB0093306F /* Release */,
			);
			defaultConfigurationIsVisible = 0;
			defaultConfigurationName = Release;
		};
		B999BAF82F5258BB0093306F /* Build configuration list for PBXNativeTarget "AppointmentManagerIOSTests" */ = {
			isa = XCConfigurationList;
			buildConfigurations = (
				B999BAF92F5258BB0093306F /* Debug */,
				B999BAFA2F5258BB0093306F /* Release */,
			);
			defaultConfigurationIsVisible = 0;
			defaultConfigurationName = Release;
		};
		B999BAFB2F5258BB0093306F /* Build configuration list for PBXNativeTarget "AppointmentManagerIOSUITests" */ = {
			isa = XCConfigurationList;
			buildConfigurations = (
				B999BAFC2F5258BB0093306F /* Debug */,
				B999BAFD2F5258BB0093306F /* Release */,
			);
			defaultConfigurationIsVisible = 0;
			defaultConfigurationName = Release;
		};
/* End XCConfigurationList section */
	};
	rootObject = B999BACA2F5258B90093306F /* Project object */;
}
